
Microsoft Visual Studio Solution File, Format Version 12.00
# Visual Studio 2013
VisualStudioVersion = 12.0.40629.0
MinimumVisualStudioVersion = 10.0.40219.1
Project("{8BC9CEB8-8B4A-11D0-8D11-00A0C91BC942}") = "ASIO_CHATSERVER", "ASIO_CHAT\ASIO_CHAT.vcxproj", "{6B9FB5AA-E9FD-413A-8445-0FE2B2F31707}"
EndProject
Project("{8BC9CEB8-8B4A-11D0-8D11-00A0C91BC942}") = "ASIO_CHATCLIENT", "ASIO_CHATCLIENT\ASIO_CHATCLIENT.vcxproj", "{33EB5534-332D-4CDF-85C6-A79E3512B0DA}"
EndProject
Global
	GlobalSection(SolutionConfigurationPlatforms) = preSolution
		Debug|Win32 = Debug|Win32
		Release|Win32 = Release|Win32
	EndGlobalSection
	GlobalSection(ProjectConfigurationPlatforms) = postSolution
		{6B9FB5AA-E9FD-413A-8445-0FE2B2F31707}.Debug|Win32.ActiveCfg = Debug|Win32
		{6B9FB5AA-E9FD-413A-8445-0FE2B2F31707}.Debug|Win32.Build.0 = Debug|Win32
		{6B9FB5AA-E9FD-413A-8445-0FE2B2F31707}.Release|Win32.ActiveCfg = Release|Win32
		{6B9FB5AA-E9FD-413A-8445-0FE2B2F31707}.Release|Win32.Build.0 = Release|Win32
		{33EB5534-332D-4CDF-85C6-A79E3512B0DA}.Debug|Win32.ActiveCfg = Debug|Win32
		{33EB5534-332D-4CDF-85C6-A79E3512B0DA}.Debug|Win32.Build.0 = Debug|Win32
		{33EB5534-332D-4CDF-85C6-A79E3512B0DA}.Release|Win32.ActiveCfg = Release|Win32
		{33EB5534-332D-4CDF-85C6-A79E3512B0DA}.Release|Win32.Build.0 = Release|Win32
	EndGlobalSection
	GlobalSection(SolutionProperties) = preSolution
		HideSolutionNode = FALSE
	EndGlobalSection
EndGlobal
